// !$*UTF8*$!
{
	archiveVersion = 1;
	classes = {
	};
	objectVersion = 46;
	objects = {

/* Begin PBXBuildFile section */
		4C1F695F195B0D1A00C31597 /* BCContactsViewController.m in Sources */ = {isa = PBXBuildFile; fileRef = 4C1F695E195B0D1A00C31597 /* BCContactsViewController.m */; };
		4C1F6960195B0D1A00C31597 /* BCContactsViewController.m in Sources */ = {isa = PBXBuildFile; fileRef = 4C1F695E195B0D1A00C31597 /* BCContactsViewController.m */; };
		4C1F6963195B0D5D00C31597 /* BCProfileViewController.m in Sources */ = {isa = PBXBuildFile; fileRef = 4C1F6962195B0D5D00C31597 /* BCProfileViewController.m */; };
		4C1F6964195B0D5D00C31597 /* BCProfileViewController.m in Sources */ = {isa = PBXBuildFile; fileRef = 4C1F6962195B0D5D00C31597 /* BCProfileViewController.m */; };
		4C1F6967195B0D8C00C31597 /* BCGeneralAboutViewController.m in Sources */ = {isa = PBXBuildFile; fileRef = 4C1F6966195B0D8C00C31597 /* BCGeneralAboutViewController.m */; };
		4C1F6968195B0D8C00C31597 /* BCGeneralAboutViewController.m in Sources */ = {isa = PBXBuildFile; fileRef = 4C1F6966195B0D8C00C31597 /* BCGeneralAboutViewController.m */; };
		4C1F696B195B112600C31597 /* BCSSInfoViewController.m in Sources */ = {isa = PBXBuildFile; fileRef = 4C1F696A195B112600C31597 /* BCSSInfoViewController.m */; };
		4C1F696C195B112600C31597 /* BCSSInfoViewController.m in Sources */ = {isa = PBXBuildFile; fileRef = 4C1F696A195B112600C31597 /* BCSSInfoViewController.m */; };
		4C1F696F195B117C00C31597 /* BCSermonNotesViewController.m in Sources */ = {isa = PBXBuildFile; fileRef = 4C1F696E195B117C00C31597 /* BCSermonNotesViewController.m */; };
		4C1F6970195B117C00C31597 /* BCSermonNotesViewController.m in Sources */ = {isa = PBXBuildFile; fileRef = 4C1F696E195B117C00C31597 /* BCSermonNotesViewController.m */; };
		4C1F6974195B138100C31597 /* BCTableHeaderView.m in Sources */ = {isa = PBXBuildFile; fileRef = 4C1F6973195B138100C31597 /* BCTableHeaderView.m */; };
		4C1F6975195B138100C31597 /* BCTableHeaderView.m in Sources */ = {isa = PBXBuildFile; fileRef = 4C1F6973195B138100C31597 /* BCTableHeaderView.m */; };
		4CBD6E01195F21E300EF576C /* UIFont+NTCBC.m in Sources */ = {isa = PBXBuildFile; fileRef = 4CBD6E00195F21E300EF576C /* UIFont+NTCBC.m */; };
		4CBD6E02195F21E300EF576C /* UIFont+NTCBC.m in Sources */ = {isa = PBXBuildFile; fileRef = 4CBD6E00195F21E300EF576C /* UIFont+NTCBC.m */; };
		4CBD6E04195F279000EF576C /* welcome_banner@2x.jpg in Resources */ = {isa = PBXBuildFile; fileRef = 4CBD6E03195F279000EF576C /* welcome_banner@2x.jpg */; };
		4CBD6E05195F279000EF576C /* welcome_banner@2x.jpg in Resources */ = {isa = PBXBuildFile; fileRef = 4CBD6E03195F279000EF576C /* welcome_banner@2x.jpg */; };
		4CFB036D1A3F940B00B997AC /* NSAttributedString+IntegralSizing.m in Sources */ = {isa = PBXBuildFile; fileRef = 4CFB03641A3F940B00B997AC /* NSAttributedString+IntegralSizing.m */; };
		4CFB036E1A3F940B00B997AC /* NSAttributedString+IntegralSizing.m in Sources */ = {isa = PBXBuildFile; fileRef = 4CFB03641A3F940B00B997AC /* NSAttributedString+IntegralSizing.m */; };
		4CFB036F1A3F940B00B997AC /* NSDate+MobileAPI.m in Sources */ = {isa = PBXBuildFile; fileRef = 4CFB03661A3F940B00B997AC /* NSDate+MobileAPI.m */; };
		4CFB03701A3F940B00B997AC /* NSDate+MobileAPI.m in Sources */ = {isa = PBXBuildFile; fileRef = 4CFB03661A3F940B00B997AC /* NSDate+MobileAPI.m */; };
		4CFB03711A3F940B00B997AC /* NSManagedObjectContext+ChildContext.m in Sources */ = {isa = PBXBuildFile; fileRef = 4CFB03681A3F940B00B997AC /* NSManagedObjectContext+ChildContext.m */; };
		4CFB03721A3F940B00B997AC /* NSManagedObjectContext+ChildContext.m in Sources */ = {isa = PBXBuildFile; fileRef = 4CFB03681A3F940B00B997AC /* NSManagedObjectContext+ChildContext.m */; };
		4CFB03731A3F940B00B997AC /* NSManagedObjectContext+FetchedObjectFromURI.m in Sources */ = {isa = PBXBuildFile; fileRef = 4CFB036A1A3F940B00B997AC /* NSManagedObjectContext+FetchedObjectFromURI.m */; };
		4CFB03741A3F940B00B997AC /* NSManagedObjectContext+FetchedObjectFromURI.m in Sources */ = {isa = PBXBuildFile; fileRef = 4CFB036A1A3F940B00B997AC /* NSManagedObjectContext+FetchedObjectFromURI.m */; };
		4CFB03751A3F940B00B997AC /* NSString+HTMLEntities.m in Sources */ = {isa = PBXBuildFile; fileRef = 4CFB036C1A3F940B00B997AC /* NSString+HTMLEntities.m */; };
		4CFB03761A3F940B00B997AC /* NSString+HTMLEntities.m in Sources */ = {isa = PBXBuildFile; fileRef = 4CFB036C1A3F940B00B997AC /* NSString+HTMLEntities.m */; };
		4CFB03791A3F941E00B997AC /* CLEmptyStateScreen.m in Sources */ = {isa = PBXBuildFile; fileRef = 4CFB03781A3F941E00B997AC /* CLEmptyStateScreen.m */; };
		4CFB037A1A3F941E00B997AC /* CLEmptyStateScreen.m in Sources */ = {isa = PBXBuildFile; fileRef = 4CFB03781A3F941E00B997AC /* CLEmptyStateScreen.m */; };
		FC55615C194A28D800717189 /* BCUserSettings.m in Sources */ = {isa = PBXBuildFile; fileRef = FC55613F194A28D800717189 /* BCUserSettings.m */; };
		FC55615D194A28D800717189 /* BCUserSettings.m in Sources */ = {isa = PBXBuildFile; fileRef = FC55613F194A28D800717189 /* BCUserSettings.m */; };
		FC55615E194A28D800717189 /* BCAnnouncementsTableViewController.m in Sources */ = {isa = PBXBuildFile; fileRef = FC556142194A28D800717189 /* BCAnnouncementsTableViewController.m */; };
		FC55615F194A28D800717189 /* BCAnnouncementsTableViewController.m in Sources */ = {isa = PBXBuildFile; fileRef = FC556142194A28D800717189 /* BCAnnouncementsTableViewController.m */; };
		FC556160194A28D800717189 /* BCBuildFaithTableViewController.m in Sources */ = {isa = PBXBuildFile; fileRef = FC556144194A28D800717189 /* BCBuildFaithTableViewController.m */; };
		FC556161194A28D800717189 /* BCBuildFaithTableViewController.m in Sources */ = {isa = PBXBuildFile; fileRef = FC556144194A28D800717189 /* BCBuildFaithTableViewController.m */; };
		FC556162194A28D800717189 /* BCChurchBasicInfoTableViewController.m in Sources */ = {isa = PBXBuildFile; fileRef = FC556146194A28D800717189 /* BCChurchBasicInfoTableViewController.m */; };
		FC556163194A28D800717189 /* BCChurchBasicInfoTableViewController.m in Sources */ = {isa = PBXBuildFile; fileRef = FC556146194A28D800717189 /* BCChurchBasicInfoTableViewController.m */; };
		FC556164194A28D800717189 /* BCPrayerRequestsViewController.m in Sources */ = {isa = PBXBuildFile; fileRef = FC556148194A28D800717189 /* BCPrayerRequestsViewController.m */; };
		FC556165194A28D800717189 /* BCPrayerRequestsViewController.m in Sources */ = {isa = PBXBuildFile; fileRef = FC556148194A28D800717189 /* BCPrayerRequestsViewController.m */; };
		FC556166194A28D800717189 /* BCWorshipScheduleTableViewController.m in Sources */ = {isa = PBXBuildFile; fileRef = FC55614A194A28D800717189 /* BCWorshipScheduleTableViewController.m */; };
		FC556167194A28D800717189 /* BCWorshipScheduleTableViewController.m in Sources */ = {isa = PBXBuildFile; fileRef = FC55614A194A28D800717189 /* BCWorshipScheduleTableViewController.m */; };
		FC556168194A28D800717189 /* NSString+IntegralSizing.m in Sources */ = {isa = PBXBuildFile; fileRef = FC55614E194A28D800717189 /* NSString+IntegralSizing.m */; };
		FC556169194A28D800717189 /* NSString+IntegralSizing.m in Sources */ = {isa = PBXBuildFile; fileRef = FC55614E194A28D800717189 /* NSString+IntegralSizing.m */; };
		FC55616A194A28D800717189 /* CLBlockOperation.m in Sources */ = {isa = PBXBuildFile; fileRef = FC556150194A28D800717189 /* CLBlockOperation.m */; };
		FC55616B194A28D800717189 /* CLBlockOperation.m in Sources */ = {isa = PBXBuildFile; fileRef = FC556150194A28D800717189 /* CLBlockOperation.m */; };
		FC55616C194A28D800717189 /* CLCommonToolkits.m in Sources */ = {isa = PBXBuildFile; fileRef = FC556153194A28D800717189 /* CLCommonToolkits.m */; };
		FC55616D194A28D800717189 /* CLCommonToolkits.m in Sources */ = {isa = PBXBuildFile; fileRef = FC556153194A28D800717189 /* CLCommonToolkits.m */; };
		FC55616E194A28D800717189 /* CLFadeInNavViewController.m in Sources */ = {isa = PBXBuildFile; fileRef = FC556155194A28D800717189 /* CLFadeInNavViewController.m */; };
		FC55616F194A28D800717189 /* CLFadeInNavViewController.m in Sources */ = {isa = PBXBuildFile; fileRef = FC556155194A28D800717189 /* CLFadeInNavViewController.m */; };
		FC556170194A28D800717189 /* CLNetworkService.m in Sources */ = {isa = PBXBuildFile; fileRef = FC556157194A28D800717189 /* CLNetworkService.m */; };
		FC556171194A28D800717189 /* CLNetworkService.m in Sources */ = {isa = PBXBuildFile; fileRef = FC556157194A28D800717189 /* CLNetworkService.m */; };
		FC556172194A28D800717189 /* CLPageIndicator.m in Sources */ = {isa = PBXBuildFile; fileRef = FC556159194A28D800717189 /* CLPageIndicator.m */; };
		FC556173194A28D800717189 /* CLPageIndicator.m in Sources */ = {isa = PBXBuildFile; fileRef = FC556159194A28D800717189 /* CLPageIndicator.m */; };
		FC556174194A28D800717189 /* CLSlideOutNavViewController.m in Sources */ = {isa = PBXBuildFile; fileRef = FC55615B194A28D800717189 /* CLSlideOutNavViewController.m */; };
		FC556175194A28D800717189 /* CLSlideOutNavViewController.m in Sources */ = {isa = PBXBuildFile; fileRef = FC55615B194A28D800717189 /* CLSlideOutNavViewController.m */; };
		FC556178194A2CC400717189 /* BCBullitenTableViewCell.m in Sources */ = {isa = PBXBuildFile; fileRef = FC556177194A2CC400717189 /* BCBullitenTableViewCell.m */; };
		FC556179194A2CC400717189 /* BCBullitenTableViewCell.m in Sources */ = {isa = PBXBuildFile; fileRef = FC556177194A2CC400717189 /* BCBullitenTableViewCell.m */; };
		FC55617C194A316A00717189 /* UIColor+RandomColor.m in Sources */ = {isa = PBXBuildFile; fileRef = FC55617B194A316A00717189 /* UIColor+RandomColor.m */; };
		FC55617D194A316A00717189 /* UIColor+RandomColor.m in Sources */ = {isa = PBXBuildFile; fileRef = FC55617B194A316A00717189 /* UIColor+RandomColor.m */; };
		FC556180194A35E800717189 /* BCBulletinViewController.m in Sources */ = {isa = PBXBuildFile; fileRef = FC55617F194A35E800717189 /* BCBulletinViewController.m */; };
		FC556181194A35E800717189 /* BCBulletinViewController.m in Sources */ = {isa = PBXBuildFile; fileRef = FC55617F194A35E800717189 /* BCBulletinViewController.m */; };
		FC556187194BD5D300717189 /* main_nav_button@2x.png in Resources */ = {isa = PBXBuildFile; fileRef = FC556186194BD5D300717189 /* main_nav_button@2x.png */; };
		FC556188194BD5D300717189 /* main_nav_button@2x.png in Resources */ = {isa = PBXBuildFile; fileRef = FC556186194BD5D300717189 /* main_nav_button@2x.png */; };
		FCB6C02419294A0D009330C7 /* BCRootViewController.m in Sources */ = {isa = PBXBuildFile; fileRef = FCB6C02319294A0D009330C7 /* BCRootViewController.m */; };
		FCB6C02519294A0D009330C7 /* BCRootViewController.m in Sources */ = {isa = PBXBuildFile; fileRef = FCB6C02319294A0D009330C7 /* BCRootViewController.m */; };
		FCCC29021925A6AD00FF7B3C /* Foundation.framework in Frameworks */ = {isa = PBXBuildFile; fileRef = FCCC29011925A6AD00FF7B3C /* Foundation.framework */; };
		FCCC29041925A6AD00FF7B3C /* CoreGraphics.framework in Frameworks */ = {isa = PBXBuildFile; fileRef = FCCC29031925A6AD00FF7B3C /* CoreGraphics.framework */; };
		FCCC29061925A6AD00FF7B3C /* UIKit.framework in Frameworks */ = {isa = PBXBuildFile; fileRef = FCCC29051925A6AD00FF7B3C /* UIKit.framework */; };
		FCCC29081925A6AD00FF7B3C /* CoreData.framework in Frameworks */ = {isa = PBXBuildFile; fileRef = FCCC29071925A6AD00FF7B3C /* CoreData.framework */; };
		FCCC290E1925A6AD00FF7B3C /* InfoPlist.strings in Resources */ = {isa = PBXBuildFile; fileRef = FCCC290C1925A6AD00FF7B3C /* InfoPlist.strings */; };
		FCCC29101925A6AD00FF7B3C /* main.m in Sources */ = {isa = PBXBuildFile; fileRef = FCCC290F1925A6AD00FF7B3C /* main.m */; };
		FCCC29141925A6AD00FF7B3C /* BCAppDelegate.m in Sources */ = {isa = PBXBuildFile; fileRef = FCCC29131925A6AD00FF7B3C /* BCAppDelegate.m */; };
		FCCC29171925A6AD00FF7B3C /* NTCBC.xcdatamodeld in Sources */ = {isa = PBXBuildFile; fileRef = FCCC29151925A6AD00FF7B3C /* NTCBC.xcdatamodeld */; };
		FCCC29191925A6AD00FF7B3C /* Images.xcassets in Resources */ = {isa = PBXBuildFile; fileRef = FCCC29181925A6AD00FF7B3C /* Images.xcassets */; };
		FCCC29201925A6AD00FF7B3C /* XCTest.framework in Frameworks */ = {isa = PBXBuildFile; fileRef = FCCC291F1925A6AD00FF7B3C /* XCTest.framework */; };
		FCCC29211925A6AD00FF7B3C /* Foundation.framework in Frameworks */ = {isa = PBXBuildFile; fileRef = FCCC29011925A6AD00FF7B3C /* Foundation.framework */; };
		FCCC29221925A6AD00FF7B3C /* UIKit.framework in Frameworks */ = {isa = PBXBuildFile; fileRef = FCCC29051925A6AD00FF7B3C /* UIKit.framework */; };
		FCCC29231925A6AD00FF7B3C /* CoreData.framework in Frameworks */ = {isa = PBXBuildFile; fileRef = FCCC29071925A6AD00FF7B3C /* CoreData.framework */; };
		FCCC292B1925A6AD00FF7B3C /* InfoPlist.strings in Resources */ = {isa = PBXBuildFile; fileRef = FCCC29291925A6AD00FF7B3C /* InfoPlist.strings */; };
		FCCC292D1925A6AD00FF7B3C /* NTCBCTests.m in Sources */ = {isa = PBXBuildFile; fileRef = FCCC292C1925A6AD00FF7B3C /* NTCBCTests.m */; };
/* End PBXBuildFile section */

/* Begin PBXContainerItemProxy section */
		FCCC29241925A6AD00FF7B3C /* PBXContainerItemProxy */ = {
			isa = PBXContainerItemProxy;
			containerPortal = FCCC28F61925A6AD00FF7B3C /* Project object */;
			proxyType = 1;
			remoteGlobalIDString = FCCC28FD1925A6AD00FF7B3C;
			remoteInfo = NTCBC;
		};
/* End PBXContainerItemProxy section */

/* Begin PBXFileReference section */
		4C1F695D195B0D1A00C31597 /* BCContactsViewController.h */ = {isa = PBXFileReference; fileEncoding = 4; lastKnownFileType = sourcecode.c.h; path = BCContactsViewController.h; sourceTree = "<group>"; };
		4C1F695E195B0D1A00C31597 /* BCContactsViewController.m */ = {isa = PBXFileReference; fileEncoding = 4; lastKnownFileType = sourcecode.c.objc; path = BCContactsViewController.m; sourceTree = "<group>"; };
		4C1F6961195B0D5D00C31597 /* BCProfileViewController.h */ = {isa = PBXFileReference; fileEncoding = 4; lastKnownFileType = sourcecode.c.h; path = BCProfileViewController.h; sourceTree = "<group>"; };
		4C1F6962195B0D5D00C31597 /* BCProfileViewController.m */ = {isa = PBXFileReference; fileEncoding = 4; lastKnownFileType = sourcecode.c.objc; path = BCProfileViewController.m; sourceTree = "<group>"; };
		4C1F6965195B0D8C00C31597 /* BCGeneralAboutViewController.h */ = {isa = PBXFileReference; fileEncoding = 4; lastKnownFileType = sourcecode.c.h; path = BCGeneralAboutViewController.h; sourceTree = "<group>"; };
		4C1F6966195B0D8C00C31597 /* BCGeneralAboutViewController.m */ = {isa = PBXFileReference; fileEncoding = 4; lastKnownFileType = sourcecode.c.objc; path = BCGeneralAboutViewController.m; sourceTree = "<group>"; };
		4C1F6969195B112600C31597 /* BCSSInfoViewController.h */ = {isa = PBXFileReference; fileEncoding = 4; lastKnownFileType = sourcecode.c.h; path = BCSSInfoViewController.h; sourceTree = "<group>"; };
		4C1F696A195B112600C31597 /* BCSSInfoViewController.m */ = {isa = PBXFileReference; fileEncoding = 4; lastKnownFileType = sourcecode.c.objc; path = BCSSInfoViewController.m; sourceTree = "<group>"; };
		4C1F696D195B117C00C31597 /* BCSermonNotesViewController.h */ = {isa = PBXFileReference; fileEncoding = 4; lastKnownFileType = sourcecode.c.h; path = BCSermonNotesViewController.h; sourceTree = "<group>"; };
		4C1F696E195B117C00C31597 /* BCSermonNotesViewController.m */ = {isa = PBXFileReference; fileEncoding = 4; lastKnownFileType = sourcecode.c.objc; path = BCSermonNotesViewController.m; sourceTree = "<group>"; };
		4C1F6972195B138100C31597 /* BCTableHeaderView.h */ = {isa = PBXFileReference; fileEncoding = 4; lastKnownFileType = sourcecode.c.h; path = BCTableHeaderView.h; sourceTree = "<group>"; };
		4C1F6973195B138100C31597 /* BCTableHeaderView.m */ = {isa = PBXFileReference; fileEncoding = 4; lastKnownFileType = sourcecode.c.objc; path = BCTableHeaderView.m; sourceTree = "<group>"; };
		4CBD6DFF195F21E300EF576C /* UIFont+NTCBC.h */ = {isa = PBXFileReference; fileEncoding = 4; lastKnownFileType = sourcecode.c.h; path = "UIFont+NTCBC.h"; sourceTree = "<group>"; };
		4CBD6E00195F21E300EF576C /* UIFont+NTCBC.m */ = {isa = PBXFileReference; fileEncoding = 4; lastKnownFileType = sourcecode.c.objc; path = "UIFont+NTCBC.m"; sourceTree = "<group>"; };
		4CBD6E03195F279000EF576C /* welcome_banner@2x.jpg */ = {isa = PBXFileReference; lastKnownFileType = image.jpeg; path = "welcome_banner@2x.jpg"; sourceTree = "<group>"; };
		4CFB03631A3F940B00B997AC /* NSAttributedString+IntegralSizing.h */ = {isa = PBXFileReference; fileEncoding = 4; lastKnownFileType = sourcecode.c.h; path = "NSAttributedString+IntegralSizing.h"; sourceTree = "<group>"; };
		4CFB03641A3F940B00B997AC /* NSAttributedString+IntegralSizing.m */ = {isa = PBXFileReference; fileEncoding = 4; lastKnownFileType = sourcecode.c.objc; path = "NSAttributedString+IntegralSizing.m"; sourceTree = "<group>"; };
		4CFB03651A3F940B00B997AC /* NSDate+MobileAPI.h */ = {isa = PBXFileReference; fileEncoding = 4; lastKnownFileType = sourcecode.c.h; path = "NSDate+MobileAPI.h"; sourceTree = "<group>"; };
		4CFB03661A3F940B00B997AC /* NSDate+MobileAPI.m */ = {isa = PBXFileReference; fileEncoding = 4; lastKnownFileType = sourcecode.c.objc; path = "NSDate+MobileAPI.m"; sourceTree = "<group>"; };
		4CFB03671A3F940B00B997AC /* NSManagedObjectContext+ChildContext.h */ = {isa = PBXFileReference; fileEncoding = 4; lastKnownFileType = sourcecode.c.h; path = "NSManagedObjectContext+ChildContext.h"; sourceTree = "<group>"; };
		4CFB03681A3F940B00B997AC /* NSManagedObjectContext+ChildContext.m */ = {isa = PBXFileReference; fileEncoding = 4; lastKnownFileType = sourcecode.c.objc; path = "NSManagedObjectContext+ChildContext.m"; sourceTree = "<group>"; };
		4CFB03691A3F940B00B997AC /* NSManagedObjectContext+FetchedObjectFromURI.h */ = {isa = PBXFileReference; fileEncoding = 4; lastKnownFileType = sourcecode.c.h; path = "NSManagedObjectContext+FetchedObjectFromURI.h"; sourceTree = "<group>"; };
		4CFB036A1A3F940B00B997AC /* NSManagedObjectContext+FetchedObjectFromURI.m */ = {isa = PBXFileReference; fileEncoding = 4; lastKnownFileType = sourcecode.c.objc; path = "NSManagedObjectContext+FetchedObjectFromURI.m"; sourceTree = "<group>"; };
		4CFB036B1A3F940B00B997AC /* NSString+HTMLEntities.h */ = {isa = PBXFileReference; fileEncoding = 4; lastKnownFileType = sourcecode.c.h; path = "NSString+HTMLEntities.h"; sourceTree = "<group>"; };
		4CFB036C1A3F940B00B997AC /* NSString+HTMLEntities.m */ = {isa = PBXFileReference; fileEncoding = 4; lastKnownFileType = sourcecode.c.objc; path = "NSString+HTMLEntities.m"; sourceTree = "<group>"; };
		4CFB03771A3F941E00B997AC /* CLEmptyStateScreen.h */ = {isa = PBXFileReference; fileEncoding = 4; lastKnownFileType = sourcecode.c.h; path = CLEmptyStateScreen.h; sourceTree = "<group>"; };
		4CFB03781A3F941E00B997AC /* CLEmptyStateScreen.m */ = {isa = PBXFileReference; fileEncoding = 4; lastKnownFileType = sourcecode.c.objc; path = CLEmptyStateScreen.m; sourceTree = "<group>"; };
		FC55613E194A28D800717189 /* BCUserSettings.h */ = {isa = PBXFileReference; fileEncoding = 4; lastKnownFileType = sourcecode.c.h; path = BCUserSettings.h; sourceTree = "<group>"; };
		FC55613F194A28D800717189 /* BCUserSettings.m */ = {isa = PBXFileReference; fileEncoding = 4; lastKnownFileType = sourcecode.c.objc; path = BCUserSettings.m; sourceTree = "<group>"; };
		FC556141194A28D800717189 /* BCAnnouncementsTableViewController.h */ = {isa = PBXFileReference; fileEncoding = 4; lastKnownFileType = sourcecode.c.h; path = BCAnnouncementsTableViewController.h; sourceTree = "<group>"; };
		FC556142194A28D800717189 /* BCAnnouncementsTableViewController.m */ = {isa = PBXFileReference; fileEncoding = 4; lastKnownFileType = sourcecode.c.objc; path = BCAnnouncementsTableViewController.m; sourceTree = "<group>"; };
		FC556143194A28D800717189 /* BCBuildFaithTableViewController.h */ = {isa = PBXFileReference; fileEncoding = 4; lastKnownFileType = sourcecode.c.h; path = BCBuildFaithTableViewController.h; sourceTree = "<group>"; };
		FC556144194A28D800717189 /* BCBuildFaithTableViewController.m */ = {isa = PBXFileReference; fileEncoding = 4; lastKnownFileType = sourcecode.c.objc; path = BCBuildFaithTableViewController.m; sourceTree = "<group>"; };
		FC556145194A28D800717189 /* BCChurchBasicInfoTableViewController.h */ = {isa = PBXFileReference; fileEncoding = 4; lastKnownFileType = sourcecode.c.h; path = BCChurchBasicInfoTableViewController.h; sourceTree = "<group>"; };
		FC556146194A28D800717189 /* BCChurchBasicInfoTableViewController.m */ = {isa = PBXFileReference; fileEncoding = 4; lastKnownFileType = sourcecode.c.objc; path = BCChurchBasicInfoTableViewController.m; sourceTree = "<group>"; };
		FC556147194A28D800717189 /* BCPrayerRequestsViewController.h */ = {isa = PBXFileReference; fileEncoding = 4; lastKnownFileType = sourcecode.c.h; path = BCPrayerRequestsViewController.h; sourceTree = "<group>"; };
		FC556148194A28D800717189 /* BCPrayerRequestsViewController.m */ = {isa = PBXFileReference; fileEncoding = 4; lastKnownFileType = sourcecode.c.objc; path = BCPrayerRequestsViewController.m; sourceTree = "<group>"; };
		FC556149194A28D800717189 /* BCWorshipScheduleTableViewController.h */ = {isa = PBXFileReference; fileEncoding = 4; lastKnownFileType = sourcecode.c.h; path = BCWorshipScheduleTableViewController.h; sourceTree = "<group>"; };
		FC55614A194A28D800717189 /* BCWorshipScheduleTableViewController.m */ = {isa = PBXFileReference; fileEncoding = 4; lastKnownFileType = sourcecode.c.objc; path = BCWorshipScheduleTableViewController.m; sourceTree = "<group>"; };
		FC55614D194A28D800717189 /* NSString+IntegralSizing.h */ = {isa = PBXFileReference; fileEncoding = 4; lastKnownFileType = sourcecode.c.h; path = "NSString+IntegralSizing.h"; sourceTree = "<group>"; };
		FC55614E194A28D800717189 /* NSString+IntegralSizing.m */ = {isa = PBXFileReference; fileEncoding = 4; lastKnownFileType = sourcecode.c.objc; path = "NSString+IntegralSizing.m"; sourceTree = "<group>"; };
		FC55614F194A28D800717189 /* CLBlockOperation.h */ = {isa = PBXFileReference; fileEncoding = 4; lastKnownFileType = sourcecode.c.h; path = CLBlockOperation.h; sourceTree = "<group>"; };
		FC556150194A28D800717189 /* CLBlockOperation.m */ = {isa = PBXFileReference; fileEncoding = 4; lastKnownFileType = sourcecode.c.objc; path = CLBlockOperation.m; sourceTree = "<group>"; };
		FC556151194A28D800717189 /* CLCommon.h */ = {isa = PBXFileReference; fileEncoding = 4; lastKnownFileType = sourcecode.c.h; path = CLCommon.h; sourceTree = "<group>"; };
		FC556152194A28D800717189 /* CLCommonToolkits.h */ = {isa = PBXFileReference; fileEncoding = 4; lastKnownFileType = sourcecode.c.h; path = CLCommonToolkits.h; sourceTree = "<group>"; };
		FC556153194A28D800717189 /* CLCommonToolkits.m */ = {isa = PBXFileReference; fileEncoding = 4; lastKnownFileType = sourcecode.c.objc; path = CLCommonToolkits.m; sourceTree = "<group>"; };
		FC556154194A28D800717189 /* CLFadeInNavViewController.h */ = {isa = PBXFileReference; fileEncoding = 4; lastKnownFileType = sourcecode.c.h; path = CLFadeInNavViewController.h; sourceTree = "<group>"; };
		FC556155194A28D800717189 /* CLFadeInNavViewController.m */ = {isa = PBXFileReference; fileEncoding = 4; lastKnownFileType = sourcecode.c.objc; path = CLFadeInNavViewController.m; sourceTree = "<group>"; };
		FC556156194A28D800717189 /* CLNetworkService.h */ = {isa = PBXFileReference; fileEncoding = 4; lastKnownFileType = sourcecode.c.h; path = CLNetworkService.h; sourceTree = "<group>"; };
		FC556157194A28D800717189 /* CLNetworkService.m */ = {isa = PBXFileReference; fileEncoding = 4; lastKnownFileType = sourcecode.c.objc; path = CLNetworkService.m; sourceTree = "<group>"; };
		FC556158194A28D800717189 /* CLPageIndicator.h */ = {isa = PBXFileReference; fileEncoding = 4; lastKnownFileType = sourcecode.c.h; path = CLPageIndicator.h; sourceTree = "<group>"; };
		FC556159194A28D800717189 /* CLPageIndicator.m */ = {isa = PBXFileReference; fileEncoding = 4; lastKnownFileType = sourcecode.c.objc; path = CLPageIndicator.m; sourceTree = "<group>"; };
		FC55615A194A28D800717189 /* CLSlideOutNavViewController.h */ = {isa = PBXFileReference; fileEncoding = 4; lastKnownFileType = sourcecode.c.h; path = CLSlideOutNavViewController.h; sourceTree = "<group>"; };
		FC55615B194A28D800717189 /* CLSlideOutNavViewController.m */ = {isa = PBXFileReference; fileEncoding = 4; lastKnownFileType = sourcecode.c.objc; path = CLSlideOutNavViewController.m; sourceTree = "<group>"; };
		FC556176194A2CC400717189 /* BCBullitenTableViewCell.h */ = {isa = PBXFileReference; fileEncoding = 4; lastKnownFileType = sourcecode.c.h; path = BCBullitenTableViewCell.h; sourceTree = "<group>"; };
		FC556177194A2CC400717189 /* BCBullitenTableViewCell.m */ = {isa = PBXFileReference; fileEncoding = 4; lastKnownFileType = sourcecode.c.objc; path = BCBullitenTableViewCell.m; sourceTree = "<group>"; };
		FC55617A194A316A00717189 /* UIColor+RandomColor.h */ = {isa = PBXFileReference; fileEncoding = 4; lastKnownFileType = sourcecode.c.h; path = "UIColor+RandomColor.h"; sourceTree = "<group>"; };
		FC55617B194A316A00717189 /* UIColor+RandomColor.m */ = {isa = PBXFileReference; fileEncoding = 4; lastKnownFileType = sourcecode.c.objc; path = "UIColor+RandomColor.m"; sourceTree = "<group>"; };
		FC55617E194A35E800717189 /* BCBulletinViewController.h */ = {isa = PBXFileReference; fileEncoding = 4; lastKnownFileType = sourcecode.c.h; path = BCBulletinViewController.h; sourceTree = "<group>"; };
		FC55617F194A35E800717189 /* BCBulletinViewController.m */ = {isa = PBXFileReference; fileEncoding = 4; lastKnownFileType = sourcecode.c.objc; path = BCBulletinViewController.m; sourceTree = "<group>"; };
		FC556186194BD5D300717189 /* main_nav_button@2x.png */ = {isa = PBXFileReference; lastKnownFileType = image.png; path = "main_nav_button@2x.png"; sourceTree = "<group>"; };
		FCB6C02219294A0C009330C7 /* BCRootViewController.h */ = {isa = PBXFileReference; fileEncoding = 4; lastKnownFileType = sourcecode.c.h; path = BCRootViewController.h; sourceTree = "<group>"; };
		FCB6C02319294A0D009330C7 /* BCRootViewController.m */ = {isa = PBXFileReference; fileEncoding = 4; lastKnownFileType = sourcecode.c.objc; path = BCRootViewController.m; sourceTree = "<group>"; };
		FCCC28FE1925A6AD00FF7B3C /* NTCBC.app */ = {isa = PBXFileReference; explicitFileType = wrapper.application; includeInIndex = 0; path = NTCBC.app; sourceTree = BUILT_PRODUCTS_DIR; };
		FCCC29011925A6AD00FF7B3C /* Foundation.framework */ = {isa = PBXFileReference; lastKnownFileType = wrapper.framework; name = Foundation.framework; path = System/Library/Frameworks/Foundation.framework; sourceTree = SDKROOT; };
		FCCC29031925A6AD00FF7B3C /* CoreGraphics.framework */ = {isa = PBXFileReference; lastKnownFileType = wrapper.framework; name = CoreGraphics.framework; path = System/Library/Frameworks/CoreGraphics.framework; sourceTree = SDKROOT; };
		FCCC29051925A6AD00FF7B3C /* UIKit.framework */ = {isa = PBXFileReference; lastKnownFileType = wrapper.framework; name = UIKit.framework; path = System/Library/Frameworks/UIKit.framework; sourceTree = SDKROOT; };
		FCCC29071925A6AD00FF7B3C /* CoreData.framework */ = {isa = PBXFileReference; lastKnownFileType = wrapper.framework; name = CoreData.framework; path = System/Library/Frameworks/CoreData.framework; sourceTree = SDKROOT; };
		FCCC290B1925A6AD00FF7B3C /* NTCBC-Info.plist */ = {isa = PBXFileReference; lastKnownFileType = text.plist.xml; path = "NTCBC-Info.plist"; sourceTree = "<group>"; };
		FCCC290D1925A6AD00FF7B3C /* en */ = {isa = PBXFileReference; lastKnownFileType = text.plist.strings; name = en; path = en.lproj/InfoPlist.strings; sourceTree = "<group>"; };
		FCCC290F1925A6AD00FF7B3C /* main.m */ = {isa = PBXFileReference; lastKnownFileType = sourcecode.c.objc; path = main.m; sourceTree = "<group>"; };
		FCCC29111925A6AD00FF7B3C /* NTCBC-Prefix.pch */ = {isa = PBXFileReference; lastKnownFileType = sourcecode.c.h; path = "NTCBC-Prefix.pch"; sourceTree = "<group>"; };
		FCCC29121925A6AD00FF7B3C /* BCAppDelegate.h */ = {isa = PBXFileReference; lastKnownFileType = sourcecode.c.h; path = BCAppDelegate.h; sourceTree = "<group>"; };
		FCCC29131925A6AD00FF7B3C /* BCAppDelegate.m */ = {isa = PBXFileReference; lastKnownFileType = sourcecode.c.objc; path = BCAppDelegate.m; sourceTree = "<group>"; };
		FCCC29161925A6AD00FF7B3C /* NTCBC.xcdatamodel */ = {isa = PBXFileReference; lastKnownFileType = wrapper.xcdatamodel; path = NTCBC.xcdatamodel; sourceTree = "<group>"; };
		FCCC29181925A6AD00FF7B3C /* Images.xcassets */ = {isa = PBXFileReference; lastKnownFileType = folder.assetcatalog; path = Images.xcassets; sourceTree = "<group>"; };
		FCCC291E1925A6AD00FF7B3C /* NTCBCTests.xctest */ = {isa = PBXFileReference; explicitFileType = wrapper.cfbundle; includeInIndex = 0; path = NTCBCTests.xctest; sourceTree = BUILT_PRODUCTS_DIR; };
		FCCC291F1925A6AD00FF7B3C /* XCTest.framework */ = {isa = PBXFileReference; lastKnownFileType = wrapper.framework; name = XCTest.framework; path = Library/Frameworks/XCTest.framework; sourceTree = DEVELOPER_DIR; };
		FCCC29281925A6AD00FF7B3C /* NTCBCTests-Info.plist */ = {isa = PBXFileReference; lastKnownFileType = text.plist.xml; path = "NTCBCTests-Info.plist"; sourceTree = "<group>"; };
		FCCC292A1925A6AD00FF7B3C /* en */ = {isa = PBXFileReference; lastKnownFileType = text.plist.strings; name = en; path = en.lproj/InfoPlist.strings; sourceTree = "<group>"; };
		FCCC292C1925A6AD00FF7B3C /* NTCBCTests.m */ = {isa = PBXFileReference; lastKnownFileType = sourcecode.c.objc; path = NTCBCTests.m; sourceTree = "<group>"; };
/* End PBXFileReference section */

/* Begin PBXFrameworksBuildPhase section */
		FCCC28FB1925A6AD00FF7B3C /* Frameworks */ = {
			isa = PBXFrameworksBuildPhase;
			buildActionMask = 2147483647;
			files = (
				FCCC29041925A6AD00FF7B3C /* CoreGraphics.framework in Frameworks */,
				FCCC29081925A6AD00FF7B3C /* CoreData.framework in Frameworks */,
				FCCC29061925A6AD00FF7B3C /* UIKit.framework in Frameworks */,
				FCCC29021925A6AD00FF7B3C /* Foundation.framework in Frameworks */,
			);
			runOnlyForDeploymentPostprocessing = 0;
		};
		FCCC291B1925A6AD00FF7B3C /* Frameworks */ = {
			isa = PBXFrameworksBuildPhase;
			buildActionMask = 2147483647;
			files = (
				FCCC29201925A6AD00FF7B3C /* XCTest.framework in Frameworks */,
				FCCC29231925A6AD00FF7B3C /* CoreData.framework in Frameworks */,
				FCCC29221925A6AD00FF7B3C /* UIKit.framework in Frameworks */,
				FCCC29211925A6AD00FF7B3C /* Foundation.framework in Frameworks */,
			);
			runOnlyForDeploymentPostprocessing = 0;
		};
/* End PBXFrameworksBuildPhase section */

/* Begin PBXGroup section */
		4C1F6971195B135C00C31597 /* Widgets */ = {
			isa = PBXGroup;
			children = (
				4C1F6972195B138100C31597 /* BCTableHeaderView.h */,
				4C1F6973195B138100C31597 /* BCTableHeaderView.m */,
			);
			path = Widgets;
			sourceTree = "<group>";
		};
		FC55613A194A28D800717189 /* Classes */ = {
			isa = PBXGroup;
			children = (
				FC55613B194A28D800717189 /* Interface */,
				FC55614B194A28D800717189 /* Utilities */,
			);
			path = Classes;
			sourceTree = "<group>";
		};
		FC55613B194A28D800717189 /* Interface */ = {
			isa = PBXGroup;
			children = (
				4C1F6971195B135C00C31597 /* Widgets */,
				FC55613C194A28D800717189 /* Cells */,
				FC55613D194A28D800717189 /* Helpers */,
				FC556140194A28D800717189 /* ViewControllers */,
				4CBD6DFF195F21E300EF576C /* UIFont+NTCBC.h */,
				4CBD6E00195F21E300EF576C /* UIFont+NTCBC.m */,
			);
			path = Interface;
			sourceTree = "<group>";
		};
		FC55613C194A28D800717189 /* Cells */ = {
			isa = PBXGroup;
			children = (
				FC556176194A2CC400717189 /* BCBullitenTableViewCell.h */,
				FC556177194A2CC400717189 /* BCBullitenTableViewCell.m */,
			);
			path = Cells;
			sourceTree = "<group>";
		};
		FC55613D194A28D800717189 /* Helpers */ = {
			isa = PBXGroup;
			children = (
				FC55613E194A28D800717189 /* BCUserSettings.h */,
				FC55613F194A28D800717189 /* BCUserSettings.m */,
			);
			path = Helpers;
			sourceTree = "<group>";
		};
		FC556140194A28D800717189 /* ViewControllers */ = {
			isa = PBXGroup;
			children = (
				FC556141194A28D800717189 /* BCAnnouncementsTableViewController.h */,
				FC556142194A28D800717189 /* BCAnnouncementsTableViewController.m */,
				FC556143194A28D800717189 /* BCBuildFaithTableViewController.h */,
				FC556144194A28D800717189 /* BCBuildFaithTableViewController.m */,
				FC556145194A28D800717189 /* BCChurchBasicInfoTableViewController.h */,
				FC556146194A28D800717189 /* BCChurchBasicInfoTableViewController.m */,
				FC556147194A28D800717189 /* BCPrayerRequestsViewController.h */,
				FC556148194A28D800717189 /* BCPrayerRequestsViewController.m */,
				FC556149194A28D800717189 /* BCWorshipScheduleTableViewController.h */,
				FC55614A194A28D800717189 /* BCWorshipScheduleTableViewController.m */,
				FC55617E194A35E800717189 /* BCBulletinViewController.h */,
				FC55617F194A35E800717189 /* BCBulletinViewController.m */,
				4C1F695D195B0D1A00C31597 /* BCContactsViewController.h */,
				4C1F695E195B0D1A00C31597 /* BCContactsViewController.m */,
				4C1F6961195B0D5D00C31597 /* BCProfileViewController.h */,
				4C1F6962195B0D5D00C31597 /* BCProfileViewController.m */,
				4C1F6965195B0D8C00C31597 /* BCGeneralAboutViewController.h */,
				4C1F6966195B0D8C00C31597 /* BCGeneralAboutViewController.m */,
				4C1F6969195B112600C31597 /* BCSSInfoViewController.h */,
				4C1F696A195B112600C31597 /* BCSSInfoViewController.m */,
				4C1F696D195B117C00C31597 /* BCSermonNotesViewController.h */,
				4C1F696E195B117C00C31597 /* BCSermonNotesViewController.m */,
			);
			path = ViewControllers;
			sourceTree = "<group>";
		};
		FC55614B194A28D800717189 /* Utilities */ = {
			isa = PBXGroup;
			children = (
				FC55614C194A28D800717189 /* Categories */,
				FC55614F194A28D800717189 /* CLBlockOperation.h */,
				FC556150194A28D800717189 /* CLBlockOperation.m */,
				FC556151194A28D800717189 /* CLCommon.h */,
				FC556152194A28D800717189 /* CLCommonToolkits.h */,
				FC556153194A28D800717189 /* CLCommonToolkits.m */,
				FC556154194A28D800717189 /* CLFadeInNavViewController.h */,
				FC556155194A28D800717189 /* CLFadeInNavViewController.m */,
				FC556156194A28D800717189 /* CLNetworkService.h */,
				FC556157194A28D800717189 /* CLNetworkService.m */,
				FC556158194A28D800717189 /* CLPageIndicator.h */,
				FC556159194A28D800717189 /* CLPageIndicator.m */,
				FC55615A194A28D800717189 /* CLSlideOutNavViewController.h */,
				FC55615B194A28D800717189 /* CLSlideOutNavViewController.m */,
				4CFB03771A3F941E00B997AC /* CLEmptyStateScreen.h */,
				4CFB03781A3F941E00B997AC /* CLEmptyStateScreen.m */,
			);
			path = Utilities;
			sourceTree = "<group>";
		};
		FC55614C194A28D800717189 /* Categories */ = {
			isa = PBXGroup;
			children = (
				4CFB03631A3F940B00B997AC /* NSAttributedString+IntegralSizing.h */,
				4CFB03641A3F940B00B997AC /* NSAttributedString+IntegralSizing.m */,
				4CFB03651A3F940B00B997AC /* NSDate+MobileAPI.h */,
				4CFB03661A3F940B00B997AC /* NSDate+MobileAPI.m */,
				4CFB03671A3F940B00B997AC /* NSManagedObjectContext+ChildContext.h */,
				4CFB03681A3F940B00B997AC /* NSManagedObjectContext+ChildContext.m */,
				4CFB03691A3F940B00B997AC /* NSManagedObjectContext+FetchedObjectFromURI.h */,
				4CFB036A1A3F940B00B997AC /* NSManagedObjectContext+FetchedObjectFromURI.m */,
				4CFB036B1A3F940B00B997AC /* NSString+HTMLEntities.h */,
				4CFB036C1A3F940B00B997AC /* NSString+HTMLEntities.m */,
				FC55614D194A28D800717189 /* NSString+IntegralSizing.h */,
				FC55614E194A28D800717189 /* NSString+IntegralSizing.m */,
				FC55617A194A316A00717189 /* UIColor+RandomColor.h */,
				FC55617B194A316A00717189 /* UIColor+RandomColor.m */,
			);
			path = Categories;
			sourceTree = "<group>";
		};
		FC556182194BD5D300717189 /* Resources */ = {
			isa = PBXGroup;
			children = (
				FC556183194BD5D300717189 /* iPad */,
				FC556184194BD5D300717189 /* IPhone */,
				FC556185194BD5D300717189 /* Shared */,
			);
			path = Resources;
			sourceTree = "<group>";
		};
		FC556183194BD5D300717189 /* iPad */ = {
			isa = PBXGroup;
			children = (
			);
			path = iPad;
			sourceTree = "<group>";
		};
		FC556184194BD5D300717189 /* IPhone */ = {
			isa = PBXGroup;
			children = (
			);
			path = IPhone;
			sourceTree = "<group>";
		};
		FC556185194BD5D300717189 /* Shared */ = {
			isa = PBXGroup;
			children = (
				4CBD6E03195F279000EF576C /* welcome_banner@2x.jpg */,
				FC556186194BD5D300717189 /* main_nav_button@2x.png */,
			);
			path = Shared;
			sourceTree = "<group>";
		};
		FCCC28F51925A6AD00FF7B3C = {
			isa = PBXGroup;
			children = (
				FCCC29091925A6AD00FF7B3C /* NTCBC */,
				FCCC29261925A6AD00FF7B3C /* NTCBCTests */,
				FCCC29001925A6AD00FF7B3C /* Frameworks */,
				FCCC28FF1925A6AD00FF7B3C /* Products */,
			);
			sourceTree = "<group>";
		};
		FCCC28FF1925A6AD00FF7B3C /* Products */ = {
			isa = PBXGroup;
			children = (
				FCCC28FE1925A6AD00FF7B3C /* NTCBC.app */,
				FCCC291E1925A6AD00FF7B3C /* NTCBCTests.xctest */,
			);
			name = Products;
			sourceTree = "<group>";
		};
		FCCC29001925A6AD00FF7B3C /* Frameworks */ = {
			isa = PBXGroup;
			children = (
				FCCC29011925A6AD00FF7B3C /* Foundation.framework */,
				FCCC29031925A6AD00FF7B3C /* CoreGraphics.framework */,
				FCCC29051925A6AD00FF7B3C /* UIKit.framework */,
				FCCC29071925A6AD00FF7B3C /* CoreData.framework */,
				FCCC291F1925A6AD00FF7B3C /* XCTest.framework */,
			);
			name = Frameworks;
			sourceTree = "<group>";
		};
		FCCC29091925A6AD00FF7B3C /* NTCBC */ = {
			isa = PBXGroup;
			children = (
				FC556182194BD5D300717189 /* Resources */,
				FC55613A194A28D800717189 /* Classes */,
				FCCC29121925A6AD00FF7B3C /* BCAppDelegate.h */,
				FCCC29131925A6AD00FF7B3C /* BCAppDelegate.m */,
				FCCC29181925A6AD00FF7B3C /* Images.xcassets */,
				FCCC29151925A6AD00FF7B3C /* NTCBC.xcdatamodeld */,
				FCB6C02219294A0C009330C7 /* BCRootViewController.h */,
				FCB6C02319294A0D009330C7 /* BCRootViewController.m */,
				FCCC290A1925A6AD00FF7B3C /* Supporting Files */,
			);
			path = NTCBC;
			sourceTree = "<group>";
		};
		FCCC290A1925A6AD00FF7B3C /* Supporting Files */ = {
			isa = PBXGroup;
			children = (
				FCCC290B1925A6AD00FF7B3C /* NTCBC-Info.plist */,
				FCCC290C1925A6AD00FF7B3C /* InfoPlist.strings */,
				FCCC290F1925A6AD00FF7B3C /* main.m */,
				FCCC29111925A6AD00FF7B3C /* NTCBC-Prefix.pch */,
			);
			name = "Supporting Files";
			sourceTree = "<group>";
		};
		FCCC29261925A6AD00FF7B3C /* NTCBCTests */ = {
			isa = PBXGroup;
			children = (
				FCCC292C1925A6AD00FF7B3C /* NTCBCTests.m */,
				FCCC29271925A6AD00FF7B3C /* Supporting Files */,
			);
			path = NTCBCTests;
			sourceTree = "<group>";
		};
		FCCC29271925A6AD00FF7B3C /* Supporting Files */ = {
			isa = PBXGroup;
			children = (
				FCCC29281925A6AD00FF7B3C /* NTCBCTests-Info.plist */,
				FCCC29291925A6AD00FF7B3C /* InfoPlist.strings */,
			);
			name = "Supporting Files";
			sourceTree = "<group>";
		};
/* End PBXGroup section */

/* Begin PBXNativeTarget section */
		FCCC28FD1925A6AD00FF7B3C /* NTCBC */ = {
			isa = PBXNativeTarget;
			buildConfigurationList = FCCC29301925A6AD00FF7B3C /* Build configuration list for PBXNativeTarget "NTCBC" */;
			buildPhases = (
				FCCC28FA1925A6AD00FF7B3C /* Sources */,
				FCCC28FB1925A6AD00FF7B3C /* Frameworks */,
				FCCC28FC1925A6AD00FF7B3C /* Resources */,
			);
			buildRules = (
			);
			dependencies = (
			);
			name = NTCBC;
			productName = NTCBC;
			productReference = FCCC28FE1925A6AD00FF7B3C /* NTCBC.app */;
			productType = "com.apple.product-type.application";
		};
		FCCC291D1925A6AD00FF7B3C /* NTCBCTests */ = {
			isa = PBXNativeTarget;
			buildConfigurationList = FCCC29331925A6AD00FF7B3C /* Build configuration list for PBXNativeTarget "NTCBCTests" */;
			buildPhases = (
				FCCC291A1925A6AD00FF7B3C /* Sources */,
				FCCC291B1925A6AD00FF7B3C /* Frameworks */,
				FCCC291C1925A6AD00FF7B3C /* Resources */,
			);
			buildRules = (
			);
			dependencies = (
				FCCC29251925A6AD00FF7B3C /* PBXTargetDependency */,
			);
			name = NTCBCTests;
			productName = NTCBCTests;
			productReference = FCCC291E1925A6AD00FF7B3C /* NTCBCTests.xctest */;
			productType = "com.apple.product-type.bundle.unit-test";
		};
/* End PBXNativeTarget section */

/* Begin PBXProject section */
		FCCC28F61925A6AD00FF7B3C /* Project object */ = {
			isa = PBXProject;
			attributes = {
				CLASSPREFIX = BC;
				LastUpgradeCheck = 0510;
				ORGANIZATIONNAME = "Meeto Technologies Inc.";
				TargetAttributes = {
					FCCC291D1925A6AD00FF7B3C = {
						TestTargetID = FCCC28FD1925A6AD00FF7B3C;
					};
				};
			};
			buildConfigurationList = FCCC28F91925A6AD00FF7B3C /* Build configuration list for PBXProject "NTCBC" */;
			compatibilityVersion = "Xcode 3.2";
			developmentRegion = English;
			hasScannedForEncodings = 0;
			knownRegions = (
				en,
			);
			mainGroup = FCCC28F51925A6AD00FF7B3C;
			productRefGroup = FCCC28FF1925A6AD00FF7B3C /* Products */;
			projectDirPath = "";
			projectRoot = "";
			targets = (
				FCCC28FD1925A6AD00FF7B3C /* NTCBC */,
				FCCC291D1925A6AD00FF7B3C /* NTCBCTests */,
			);
		};
/* End PBXProject section */

/* Begin PBXResourcesBuildPhase section */
		FCCC28FC1925A6AD00FF7B3C /* Resources */ = {
			isa = PBXResourcesBuildPhase;
			buildActionMask = 2147483647;
			files = (
				FCCC290E1925A6AD00FF7B3C /* InfoPlist.strings in Resources */,
				FCCC29191925A6AD00FF7B3C /* Images.xcassets in Resources */,
				FC556187194BD5D300717189 /* main_nav_button@2x.png in Resources */,
				4CBD6E04195F279000EF576C /* welcome_banner@2x.jpg in Resources */,
			);
			runOnlyForDeploymentPostprocessing = 0;
		};
		FCCC291C1925A6AD00FF7B3C /* Resources */ = {
			isa = PBXResourcesBuildPhase;
			buildActionMask = 2147483647;
			files = (
				FCCC292B1925A6AD00FF7B3C /* InfoPlist.strings in Resources */,
				4CBD6E05195F279000EF576C /* welcome_banner@2x.jpg in Resources */,
				FC556188194BD5D300717189 /* main_nav_button@2x.png in Resources */,
			);
			runOnlyForDeploymentPostprocessing = 0;
		};
/* End PBXResourcesBuildPhase section */

/* Begin PBXSourcesBuildPhase section */
		FCCC28FA1925A6AD00FF7B3C /* Sources */ = {
			isa = PBXSourcesBuildPhase;
			buildActionMask = 2147483647;
			files = (
				FC556162194A28D800717189 /* BCChurchBasicInfoTableViewController.m in Sources */,
				FCB6C02419294A0D009330C7 /* BCRootViewController.m in Sources */,
				4C1F696F195B117C00C31597 /* BCSermonNotesViewController.m in Sources */,
				4C1F6974195B138100C31597 /* BCTableHeaderView.m in Sources */,
				4CFB036F1A3F940B00B997AC /* NSDate+MobileAPI.m in Sources */,
				FC55616C194A28D800717189 /* CLCommonToolkits.m in Sources */,
				FC556174194A28D800717189 /* CLSlideOutNavViewController.m in Sources */,
				4CFB03791A3F941E00B997AC /* CLEmptyStateScreen.m in Sources */,
				FCCC29171925A6AD00FF7B3C /* NTCBC.xcdatamodeld in Sources */,
				FC55616E194A28D800717189 /* CLFadeInNavViewController.m in Sources */,
				FC556172194A28D800717189 /* CLPageIndicator.m in Sources */,
				4C1F695F195B0D1A00C31597 /* BCContactsViewController.m in Sources */,
				FCCC29101925A6AD00FF7B3C /* main.m in Sources */,
				4C1F696B195B112600C31597 /* BCSSInfoViewController.m in Sources */,
				4C1F6963195B0D5D00C31597 /* BCProfileViewController.m in Sources */,
				4CFB03731A3F940B00B997AC /* NSManagedObjectContext+FetchedObjectFromURI.m in Sources */,
				4CFB03751A3F940B00B997AC /* NSString+HTMLEntities.m in Sources */,
				FC556170194A28D800717189 /* CLNetworkService.m in Sources */,
				FC556178194A2CC400717189 /* BCBullitenTableViewCell.m in Sources */,
				FC55616A194A28D800717189 /* CLBlockOperation.m in Sources */,
				4C1F6967195B0D8C00C31597 /* BCGeneralAboutViewController.m in Sources */,
				FC556166194A28D800717189 /* BCWorshipScheduleTableViewController.m in Sources */,
				FC556168194A28D800717189 /* NSString+IntegralSizing.m in Sources */,
				FC55617C194A316A00717189 /* UIColor+RandomColor.m in Sources */,
				FC556160194A28D800717189 /* BCBuildFaithTableViewController.m in Sources */,
				FC55615E194A28D800717189 /* BCAnnouncementsTableViewController.m in Sources */,
				FC556180194A35E800717189 /* BCBulletinViewController.m in Sources */,
				4CFB03711A3F940B00B997AC /* NSManagedObjectContext+ChildContext.m in Sources */,
				FCCC29141925A6AD00FF7B3C /* BCAppDelegate.m in Sources */,
				FC556164194A28D800717189 /* BCPrayerRequestsViewController.m in Sources */,
				4CBD6E01195F21E300EF576C /* UIFont+NTCBC.m in Sources */,
				FC55615C194A28D800717189 /* BCUserSettings.m in Sources */,
				4CFB036D1A3F940B00B997AC /* NSAttributedString+IntegralSizing.m in Sources */,
			);
			runOnlyForDeploymentPostprocessing = 0;
		};
		FCCC291A1925A6AD00FF7B3C /* Sources */ = {
			isa = PBXSourcesBuildPhase;
			buildActionMask = 2147483647;
			files = (
				FC556163194A28D800717189 /* BCChurchBasicInfoTableViewController.m in Sources */,
				4C1F6970195B117C00C31597 /* BCSermonNotesViewController.m in Sources */,
				4C1F6968195B0D8C00C31597 /* BCGeneralAboutViewController.m in Sources */,
				FC556173194A28D800717189 /* CLPageIndicator.m in Sources */,
				FC55615D194A28D800717189 /* BCUserSettings.m in Sources */,
				FC55616B194A28D800717189 /* CLBlockOperation.m in Sources */,
				4CFB03721A3F940B00B997AC /* NSManagedObjectContext+ChildContext.m in Sources */,
				FC556175194A28D800717189 /* CLSlideOutNavViewController.m in Sources */,
				4CFB037A1A3F941E00B997AC /* CLEmptyStateScreen.m in Sources */,
				4CFB036E1A3F940B00B997AC /* NSAttributedString+IntegralSizing.m in Sources */,
				FC55616D194A28D800717189 /* CLCommonToolkits.m in Sources */,
				FC556181194A35E800717189 /* BCBulletinViewController.m in Sources */,
				FC55616F194A28D800717189 /* CLFadeInNavViewController.m in Sources */,
				FC556165194A28D800717189 /* BCPrayerRequestsViewController.m in Sources */,
				4C1F6964195B0D5D00C31597 /* BCProfileViewController.m in Sources */,
				FC55615F194A28D800717189 /* BCAnnouncementsTableViewController.m in Sources */,
				FC556161194A28D800717189 /* BCBuildFaithTableViewController.m in Sources */,
				FCCC292D1925A6AD00FF7B3C /* NTCBCTests.m in Sources */,
				4C1F6975195B138100C31597 /* BCTableHeaderView.m in Sources */,
				FC55617D194A316A00717189 /* UIColor+RandomColor.m in Sources */,
				4C1F6960195B0D1A00C31597 /* BCContactsViewController.m in Sources */,
				4CFB03701A3F940B00B997AC /* NSDate+MobileAPI.m in Sources */,
				FC556179194A2CC400717189 /* BCBullitenTableViewCell.m in Sources */,
				FC556171194A28D800717189 /* CLNetworkService.m in Sources */,
				FC556167194A28D800717189 /* BCWorshipScheduleTableViewController.m in Sources */,
				FC556169194A28D800717189 /* NSString+IntegralSizing.m in Sources */,
				4CFB03761A3F940B00B997AC /* NSString+HTMLEntities.m in Sources */,
				FCB6C02519294A0D009330C7 /* BCRootViewController.m in Sources */,
				4CBD6E02195F21E300EF576C /* UIFont+NTCBC.m in Sources */,
				4C1F696C195B112600C31597 /* BCSSInfoViewController.m in Sources */,
				4CFB03741A3F940B00B997AC /* NSManagedObjectContext+FetchedObjectFromURI.m in Sources */,
			);
			runOnlyForDeploymentPostprocessing = 0;
		};
/* End PBXSourcesBuildPhase section */

/* Begin PBXTargetDependency section */
		FCCC29251925A6AD00FF7B3C /* PBXTargetDependency */ = {
			isa = PBXTargetDependency;
			target = FCCC28FD1925A6AD00FF7B3C /* NTCBC */;
			targetProxy = FCCC29241925A6AD00FF7B3C /* PBXContainerItemProxy */;
		};
/* End PBXTargetDependency section */

/* Begin PBXVariantGroup section */
		FCCC290C1925A6AD00FF7B3C /* InfoPlist.strings */ = {
			isa = PBXVariantGroup;
			children = (
				FCCC290D1925A6AD00FF7B3C /* en */,
			);
			name = InfoPlist.strings;
			sourceTree = "<group>";
		};
		FCCC29291925A6AD00FF7B3C /* InfoPlist.strings */ = {
			isa = PBXVariantGroup;
			children = (
				FCCC292A1925A6AD00FF7B3C /* en */,
			);
			name = InfoPlist.strings;
			sourceTree = "<group>";
		};
/* End PBXVariantGroup section */

/* Begin XCBuildConfiguration section */
		FCCC292E1925A6AD00FF7B3C /* Debug */ = {
			isa = XCBuildConfiguration;
			buildSettings = {
				ALWAYS_SEARCH_USER_PATHS = NO;
				CLANG_CXX_LANGUAGE_STANDARD = "gnu++0x";
				CLANG_CXX_LIBRARY = "libc++";
				CLANG_ENABLE_MODULES = YES;
				CLANG_ENABLE_OBJC_ARC = YES;
				CLANG_WARN_BOOL_CONVERSION = YES;
				CLANG_WARN_CONSTANT_CONVERSION = YES;
				CLANG_WARN_DIRECT_OBJC_ISA_USAGE = YES_ERROR;
				CLANG_WARN_EMPTY_BODY = YES;
				CLANG_WARN_ENUM_CONVERSION = YES;
				CLANG_WARN_INT_CONVERSION = YES;
				CLANG_WARN_OBJC_ROOT_CLASS = YES_ERROR;
				CLANG_WARN__DUPLICATE_METHOD_MATCH = YES;
				"CODE_SIGN_IDENTITY[sdk=iphoneos*]" = "iPhone Developer";
				COPY_PHASE_STRIP = NO;
				GCC_C_LANGUAGE_STANDARD = gnu99;
				GCC_DYNAMIC_NO_PIC = NO;
				GCC_OPTIMIZATION_LEVEL = 0;
				GCC_PREPROCESSOR_DEFINITIONS = (
					"DEBUG=1",
					"$(inherited)",
				);
				GCC_SYMBOLS_PRIVATE_EXTERN = NO;
				GCC_WARN_64_TO_32_BIT_CONVERSION = YES;
				GCC_WARN_ABOUT_RETURN_TYPE = YES_ERROR;
				GCC_WARN_UNDECLARED_SELECTOR = YES;
				GCC_WARN_UNINITIALIZED_AUTOS = YES_AGGRESSIVE;
				GCC_WARN_UNUSED_FUNCTION = YES;
				GCC_WARN_UNUSED_VARIABLE = YES;
				IPHONEOS_DEPLOYMENT_TARGET = 7.1;
				ONLY_ACTIVE_ARCH = YES;
				SDKROOT = iphoneos;
				TARGETED_DEVICE_FAMILY = "1,2";
			};
			name = Debug;
		};
		FCCC292F1925A6AD00FF7B3C /* Release */ = {
			isa = XCBuildConfiguration;
			buildSettings = {
				ALWAYS_SEARCH_USER_PATHS = NO;
				CLANG_CXX_LANGUAGE_STANDARD = "gnu++0x";
				CLANG_CXX_LIBRARY = "libc++";
				CLANG_ENABLE_MODULES = YES;
				CLANG_ENABLE_OBJC_ARC = YES;
				CLANG_WARN_BOOL_CONVERSION = YES;
				CLANG_WARN_CONSTANT_CONVERSION = YES;
				CLANG_WARN_DIRECT_OBJC_ISA_USAGE = YES_ERROR;
				CLANG_WARN_EMPTY_BODY = YES;
				CLANG_WARN_ENUM_CONVERSION = YES;
				CLANG_WARN_INT_CONVERSION = YES;
				CLANG_WARN_OBJC_ROOT_CLASS = YES_ERROR;
				CLANG_WARN__DUPLICATE_METHOD_MATCH = YES;
				"CODE_SIGN_IDENTITY[sdk=iphoneos*]" = "iPhone Developer";
				COPY_PHASE_STRIP = YES;
				ENABLE_NS_ASSERTIONS = NO;
				GCC_C_LANGUAGE_STANDARD = gnu99;
				GCC_WARN_64_TO_32_BIT_CONVERSION = YES;
				GCC_WARN_ABOUT_RETURN_TYPE = YES_ERROR;
				GCC_WARN_UNDECLARED_SELECTOR = YES;
				GCC_WARN_UNINITIALIZED_AUTOS = YES_AGGRESSIVE;
				GCC_WARN_UNUSED_FUNCTION = YES;
				GCC_WARN_UNUSED_VARIABLE = YES;
				IPHONEOS_DEPLOYMENT_TARGET = 7.1;
				SDKROOT = iphoneos;
				TARGETED_DEVICE_FAMILY = "1,2";
				VALIDATE_PRODUCT = YES;
			};
			name = Release;
		};
		FCCC29311925A6AD00FF7B3C /* Debug */ = {
			isa = XCBuildConfiguration;
			buildSettings = {
				ASSETCATALOG_COMPILER_APPICON_NAME = AppIcon;
				ASSETCATALOG_COMPILER_LAUNCHIMAGE_NAME = LaunchImage;
				GCC_PRECOMPILE_PREFIX_HEADER = YES;
				GCC_PREFIX_HEADER = "NTCBC/NTCBC-Prefix.pch";
				INFOPLIST_FILE = "NTCBC/NTCBC-Info.plist";
				LIBRARY_SEARCH_PATHS = "$(inherited)";
				OTHER_LDFLAGS = (
					"-ObjC",
					"-all_load",
				);
				PRODUCT_NAME = "$(TARGET_NAME)";
				USER_HEADER_SEARCH_PATHS = "/Users/chung-chinglan/Desktop/ntcbcv2/NTCBC/ThirdPartyLibs/GoogleDriveAPI/**";
				WRAPPER_EXTENSION = app;
			};
			name = Debug;
		};
		FCCC29321925A6AD00FF7B3C /* Release */ = {
			isa = XCBuildConfiguration;
			buildSettings = {
				ASSETCATALOG_COMPILER_APPICON_NAME = AppIcon;
				ASSETCATALOG_COMPILER_LAUNCHIMAGE_NAME = LaunchImage;
				GCC_PRECOMPILE_PREFIX_HEADER = YES;
				GCC_PREFIX_HEADER = "NTCBC/NTCBC-Prefix.pch";
				INFOPLIST_FILE = "NTCBC/NTCBC-Info.plist";
				LIBRARY_SEARCH_PATHS = "$(inherited)";
				OTHER_LDFLAGS = (
					"-ObjC",
					"-all_load",
				);
				PRODUCT_NAME = "$(TARGET_NAME)";
				USER_HEADER_SEARCH_PATHS = "/Users/chung-chinglan/Desktop/ntcbcv2/NTCBC/ThirdPartyLibs/GoogleDriveAPI/**";
				WRAPPER_EXTENSION = app;
			};
			name = Release;
		};
		FCCC29341925A6AD00FF7B3C /* Debug */ = {
			isa = XCBuildConfiguration;
			buildSettings = {
				BUNDLE_LOADER = "$(BUILT_PRODUCTS_DIR)/NTCBC.app/NTCBC";
				FRAMEWORK_SEARCH_PATHS = (
					"$(SDKROOT)/Developer/Library/Frameworks",
					"$(inherited)",
					"$(DEVELOPER_FRAMEWORKS_DIR)",
				);
				GCC_PRECOMPILE_PREFIX_HEADER = YES;
				GCC_PREFIX_HEADER = "NTCBC/NTCBC-Prefix.pch";
				GCC_PREPROCESSOR_DEFINITIONS = (
					"DEBUG=1",
					"$(inherited)",
				);
				INFOPLIST_FILE = "NTCBCTests/NTCBCTests-Info.plist";
				PRODUCT_NAME = "$(TARGET_NAME)";
				TEST_HOST = "$(BUNDLE_LOADER)";
				WRAPPER_EXTENSION = xctest;
			};
			name = Debug;
		};
		FCCC29351925A6AD00FF7B3C /* Release */ = {
			isa = XCBuildConfiguration;
			buildSettings = {
				BUNDLE_LOADER = "$(BUILT_PRODUCTS_DIR)/NTCBC.app/NTCBC";
				FRAMEWORK_SEARCH_PATHS = (
					"$(SDKROOT)/Developer/Library/Frameworks",
					"$(inherited)",
					"$(DEVELOPER_FRAMEWORKS_DIR)",
				);
				GCC_PRECOMPILE_PREFIX_HEADER = YES;
				GCC_PREFIX_HEADER = "NTCBC/NTCBC-Prefix.pch";
				INFOPLIST_FILE = "NTCBCTests/NTCBCTests-Info.plist";
				PRODUCT_NAME = "$(TARGET_NAME)";
				TEST_HOST = "$(BUNDLE_LOADER)";
				WRAPPER_EXTENSION = xctest;
			};
			name = Release;
		};
/* End XCBuildConfiguration section */

/* Begin XCConfigurationList section */
		FCCC28F91925A6AD00FF7B3C /* Build configuration list for PBXProject "NTCBC" */ = {
			isa = XCConfigurationList;
			buildConfigurations = (
				FCCC292E1925A6AD00FF7B3C /* Debug */,
				FCCC292F1925A6AD00FF7B3C /* Release */,
			);
			defaultConfigurationIsVisible = 0;
			defaultConfigurationName = Release;
		};
		FCCC29301925A6AD00FF7B3C /* Build configuration list for PBXNativeTarget "NTCBC" */ = {
			isa = XCConfigurationList;
			buildConfigurations = (
				FCCC29311925A6AD00FF7B3C /* Debug */,
				FCCC29321925A6AD00FF7B3C /* Release */,
			);
			defaultConfigurationIsVisible = 0;
			defaultConfigurationName = Release;
		};
		FCCC29331925A6AD00FF7B3C /* Build configuration list for PBXNativeTarget "NTCBCTests" */ = {
			isa = XCConfigurationList;
			buildConfigurations = (
				FCCC29341925A6AD00FF7B3C /* Debug */,
				FCCC29351925A6AD00FF7B3C /* Release */,
			);
			defaultConfigurationIsVisible = 0;
			defaultConfigurationName = Release;
		};
/* End XCConfigurationList section */

/* Begin XCVersionGroup section */
		FCCC29151925A6AD00FF7B3C /* NTCBC.xcdatamodeld */ = {
			isa = XCVersionGroup;
			children = (
				FCCC29161925A6AD00FF7B3C /* NTCBC.xcdatamodel */,
			);
			currentVersion = FCCC29161925A6AD00FF7B3C /* NTCBC.xcdatamodel */;
			path = NTCBC.xcdatamodeld;
			sourceTree = "<group>";
			versionGroupType = wrapper.xcdatamodel;
		};
/* End XCVersionGroup section */
	};
	rootObject = FCCC28F61925A6AD00FF7B3C /* Project object */;
}
